
Microsoft Visual Studio Solution File, Format Version 12.00
# Visual Studio Version 16
VisualStudioVersion = 16.0.32413.511
MinimumVisualStudioVersion = 10.0.40219.1
Project("{FAE04EC0-301F-11D3-BF4B-00C04F79EFBC}") = "line_starts_with_seven", "line_starts_with_seve\line_starts_with_seven.csproj", "{4FEBB0E6-0AD3-4881-84B0-679928B9095D}"
EndProject
Global
	GlobalSection(SolutionConfigurationPlatforms) = preSolution
		Debug|Any CPU = Debug|Any CPU
		Release|Any CPU = Release|Any CPU
	EndGlobalSection
	GlobalSection(ProjectConfigurationPlatforms) = postSolution
		{4FEBB0E6-0AD3-4881-84B0-679928B9095D}.Debug|Any CPU.ActiveCfg = Debug|Any CPU
		{4FEBB0E6-0AD3-4881-84B0-679928B9095D}.Debug|Any CPU.Build.0 = Debug|Any CPU
		{4FEBB0E6-0AD3-4881-84B0-679928B9095D}.Release|Any CPU.ActiveCfg = Release|Any CPU
		{4FEBB0E6-0AD3-4881-84B0-679928B9095D}.Release|Any CPU.Build.0 = Release|Any CPU
	EndGlobalSection
	GlobalSection(SolutionProperties) = preSolution
		HideSolutionNode = FALSE
	EndGlobalSection
	GlobalSection(ExtensibilityGlobals) = postSolution
		SolutionGuid = {EC555880-55CF-4A89-8402-4294406468A2}
	EndGlobalSection
EndGlobal
